
Microsoft Visual Studio Solution File, Format Version 12.00
# Visual Studio Version 17
VisualStudioVersion = 17.0.32014.148
MinimumVisualStudioVersion = 10.0.40219.1
Project("{FAE04EC0-301F-11D3-BF4B-00C04F79EFBC}") = "5 zadanie", "5 zadanie.csproj", "{AC062F52-46BE-436F-BAFE-8F2F79A7B790}"
EndProject
Global
	GlobalSection(SolutionConfigurationPlatforms) = preSolution
		Debug|Any CPU = Debug|Any CPU
		Release|Any CPU = Release|Any CPU
	EndGlobalSection
	GlobalSection(ProjectConfigurationPlatforms) = postSolution
		{AC062F52-46BE-436F-BAFE-8F2F79A7B790}.Debug|Any CPU.ActiveCfg = Debug|Any CPU
		{AC062F52-46BE-436F-BAFE-8F2F79A7B790}.Debug|Any CPU.Build.0 = Debug|Any CPU
		{AC062F52-46BE-436F-BAFE-8F2F79A7B790}.Release|Any CPU.ActiveCfg = Release|Any CPU
		{AC062F52-46BE-436F-BAFE-8F2F79A7B790}.Release|Any CPU.Build.0 = Release|Any CPU
	EndGlobalSection
	GlobalSection(SolutionProperties) = preSolution
		HideSolutionNode = FALSE
	EndGlobalSection
	GlobalSection(ExtensibilityGlobals) = postSolution
		SolutionGuid = {5FE51577-0234-490D-B491-3C4859F9D105}
	EndGlobalSection
EndGlobal
