
Microsoft Visual Studio Solution File, Format Version 12.00
# Visual Studio Version 17
VisualStudioVersion = 17.0.32014.148
MinimumVisualStudioVersion = 10.0.40219.1
Project("{FAE04EC0-301F-11D3-BF4B-00C04F79EFBC}") = "1 zadanie", "1 zadanie.csproj", "{FD335D1E-3A8F-4256-A791-2C251C9DE060}"
EndProject
Global
	GlobalSection(SolutionConfigurationPlatforms) = preSolution
		Debug|Any CPU = Debug|Any CPU
		Release|Any CPU = Release|Any CPU
	EndGlobalSection
	GlobalSection(ProjectConfigurationPlatforms) = postSolution
		{FD335D1E-3A8F-4256-A791-2C251C9DE060}.Debug|Any CPU.ActiveCfg = Debug|Any CPU
		{FD335D1E-3A8F-4256-A791-2C251C9DE060}.Debug|Any CPU.Build.0 = Debug|Any CPU
		{FD335D1E-3A8F-4256-A791-2C251C9DE060}.Release|Any CPU.ActiveCfg = Release|Any CPU
		{FD335D1E-3A8F-4256-A791-2C251C9DE060}.Release|Any CPU.Build.0 = Release|Any CPU
	EndGlobalSection
	GlobalSection(SolutionProperties) = preSolution
		HideSolutionNode = FALSE
	EndGlobalSection
	GlobalSection(ExtensibilityGlobals) = postSolution
		SolutionGuid = {5D442997-08FB-4B62-AED0-DB3A8127F8D0}
	EndGlobalSection
EndGlobal
