
Microsoft Visual Studio Solution File, Format Version 12.00
# Visual Studio Version 17
VisualStudioVersion = 17.0.32014.148
MinimumVisualStudioVersion = 10.0.40219.1
Project("{FAE04EC0-301F-11D3-BF4B-00C04F79EFBC}") = "8 zadanie", "8 zadanie.csproj", "{4F072D12-7B46-4823-8FAC-9EA59BCAED18}"
EndProject
Global
	GlobalSection(SolutionConfigurationPlatforms) = preSolution
		Debug|Any CPU = Debug|Any CPU
		Release|Any CPU = Release|Any CPU
	EndGlobalSection
	GlobalSection(ProjectConfigurationPlatforms) = postSolution
		{4F072D12-7B46-4823-8FAC-9EA59BCAED18}.Debug|Any CPU.ActiveCfg = Debug|Any CPU
		{4F072D12-7B46-4823-8FAC-9EA59BCAED18}.Debug|Any CPU.Build.0 = Debug|Any CPU
		{4F072D12-7B46-4823-8FAC-9EA59BCAED18}.Release|Any CPU.ActiveCfg = Release|Any CPU
		{4F072D12-7B46-4823-8FAC-9EA59BCAED18}.Release|Any CPU.Build.0 = Release|Any CPU
	EndGlobalSection
	GlobalSection(SolutionProperties) = preSolution
		HideSolutionNode = FALSE
	EndGlobalSection
	GlobalSection(ExtensibilityGlobals) = postSolution
		SolutionGuid = {868D6ABF-3867-4B3F-B5C9-770F001D6EC1}
	EndGlobalSection
EndGlobal
