
Microsoft Visual Studio Solution File, Format Version 12.00
# Visual Studio Version 17
VisualStudioVersion = 17.0.32014.148
MinimumVisualStudioVersion = 10.0.40219.1
Project("{FAE04EC0-301F-11D3-BF4B-00C04F79EFBC}") = "1 zadanie", "1 zadanie.csproj", "{7CF7E6CF-0623-4388-A668-335157A22F0A}"
EndProject
Global
	GlobalSection(SolutionConfigurationPlatforms) = preSolution
		Debug|Any CPU = Debug|Any CPU
		Release|Any CPU = Release|Any CPU
	EndGlobalSection
	GlobalSection(ProjectConfigurationPlatforms) = postSolution
		{7CF7E6CF-0623-4388-A668-335157A22F0A}.Debug|Any CPU.ActiveCfg = Debug|Any CPU
		{7CF7E6CF-0623-4388-A668-335157A22F0A}.Debug|Any CPU.Build.0 = Debug|Any CPU
		{7CF7E6CF-0623-4388-A668-335157A22F0A}.Release|Any CPU.ActiveCfg = Release|Any CPU
		{7CF7E6CF-0623-4388-A668-335157A22F0A}.Release|Any CPU.Build.0 = Release|Any CPU
	EndGlobalSection
	GlobalSection(SolutionProperties) = preSolution
		HideSolutionNode = FALSE
	EndGlobalSection
	GlobalSection(ExtensibilityGlobals) = postSolution
		SolutionGuid = {03BB16B4-616A-42A8-8F06-2DB7246BFEDD}
	EndGlobalSection
EndGlobal
