
Microsoft Visual Studio Solution File, Format Version 12.00
# Visual Studio Version 17
VisualStudioVersion = 17.0.32014.148
MinimumVisualStudioVersion = 10.0.40219.1
Project("{FAE04EC0-301F-11D3-BF4B-00C04F79EFBC}") = "2 zadanie", "2 zadanie.csproj", "{3EF1363A-B952-4C81-8658-7B79C95E0807}"
EndProject
Global
	GlobalSection(SolutionConfigurationPlatforms) = preSolution
		Debug|Any CPU = Debug|Any CPU
		Release|Any CPU = Release|Any CPU
	EndGlobalSection
	GlobalSection(ProjectConfigurationPlatforms) = postSolution
		{3EF1363A-B952-4C81-8658-7B79C95E0807}.Debug|Any CPU.ActiveCfg = Debug|Any CPU
		{3EF1363A-B952-4C81-8658-7B79C95E0807}.Debug|Any CPU.Build.0 = Debug|Any CPU
		{3EF1363A-B952-4C81-8658-7B79C95E0807}.Release|Any CPU.ActiveCfg = Release|Any CPU
		{3EF1363A-B952-4C81-8658-7B79C95E0807}.Release|Any CPU.Build.0 = Release|Any CPU
	EndGlobalSection
	GlobalSection(SolutionProperties) = preSolution
		HideSolutionNode = FALSE
	EndGlobalSection
	GlobalSection(ExtensibilityGlobals) = postSolution
		SolutionGuid = {A48DCD8E-EC72-4747-AD76-B46C4FDA41BD}
	EndGlobalSection
EndGlobal
