
Microsoft Visual Studio Solution File, Format Version 12.00
# Visual Studio Version 17
VisualStudioVersion = 17.0.32014.148
MinimumVisualStudioVersion = 10.0.40219.1
Project("{FAE04EC0-301F-11D3-BF4B-00C04F79EFBC}") = "6 zadanie", "6 zadanie.csproj", "{4F9088A7-A098-4A2F-A191-FD85C0FDEBE4}"
EndProject
Global
	GlobalSection(SolutionConfigurationPlatforms) = preSolution
		Debug|Any CPU = Debug|Any CPU
		Release|Any CPU = Release|Any CPU
	EndGlobalSection
	GlobalSection(ProjectConfigurationPlatforms) = postSolution
		{4F9088A7-A098-4A2F-A191-FD85C0FDEBE4}.Debug|Any CPU.ActiveCfg = Debug|Any CPU
		{4F9088A7-A098-4A2F-A191-FD85C0FDEBE4}.Debug|Any CPU.Build.0 = Debug|Any CPU
		{4F9088A7-A098-4A2F-A191-FD85C0FDEBE4}.Release|Any CPU.ActiveCfg = Release|Any CPU
		{4F9088A7-A098-4A2F-A191-FD85C0FDEBE4}.Release|Any CPU.Build.0 = Release|Any CPU
	EndGlobalSection
	GlobalSection(SolutionProperties) = preSolution
		HideSolutionNode = FALSE
	EndGlobalSection
	GlobalSection(ExtensibilityGlobals) = postSolution
		SolutionGuid = {E2E78F47-BA7D-4E2E-8AEC-B7EF65441624}
	EndGlobalSection
EndGlobal
